
Microsoft Visual Studio Solution File, Format Version 12.00
# Visual Studio Version 16
VisualStudioVersion = 16.0.30114.105
MinimumVisualStudioVersion = 10.0.40219.1
Project("{FAE04EC0-301F-11D3-BF4B-00C04F79EFBC}") = "Infragram", "Infragram\Infragram.csproj", "{CDA30958-F6CC-4DDD-89B0-A164C7BFA41E}"
EndProject
Global
	GlobalSection(SolutionConfigurationPlatforms) = preSolution
		Debug|Any CPU = Debug|Any CPU
		Release|Any CPU = Release|Any CPU
	EndGlobalSection
	GlobalSection(ProjectConfigurationPlatforms) = postSolution
		{CDA30958-F6CC-4DDD-89B0-A164C7BFA41E}.Debug|Any CPU.ActiveCfg = Debug|Any CPU
		{CDA30958-F6CC-4DDD-89B0-A164C7BFA41E}.Debug|Any CPU.Build.0 = Debug|Any CPU
		{CDA30958-F6CC-4DDD-89B0-A164C7BFA41E}.Release|Any CPU.ActiveCfg = Release|Any CPU
		{CDA30958-F6CC-4DDD-89B0-A164C7BFA41E}.Release|Any CPU.Build.0 = Release|Any CPU
	EndGlobalSection
	GlobalSection(SolutionProperties) = preSolution
		HideSolutionNode = FALSE
	EndGlobalSection
	GlobalSection(ExtensibilityGlobals) = postSolution
		SolutionGuid = {79936786-A928-407E-8080-3320786092D7}
	EndGlobalSection
EndGlobal
